
Microsoft Visual Studio Solution File, Format Version 12.00
# Visual Studio Version 16
VisualStudioVersion = 16.0.31321.278
MinimumVisualStudioVersion = 10.0.40219.1
Project("{FAE04EC0-301F-11D3-BF4B-00C04F79EFBC}") = "FPSBooster", "FPSBooster\FPSBooster.csproj", "{394B07D2-2442-4B57-A6ED-72FA67272286}"
EndProject
Global
	GlobalSection(SolutionConfigurationPlatforms) = preSolution
		Debug|Any CPU = Debug|Any CPU
		Release|Any CPU = Release|Any CPU
	EndGlobalSection
	GlobalSection(ProjectConfigurationPlatforms) = postSolution
		{394B07D2-2442-4B57-A6ED-72FA67272286}.Debug|Any CPU.ActiveCfg = Debug|Any CPU
		{394B07D2-2442-4B57-A6ED-72FA67272286}.Debug|Any CPU.Build.0 = Debug|Any CPU
		{394B07D2-2442-4B57-A6ED-72FA67272286}.Release|Any CPU.ActiveCfg = Release|Any CPU
		{394B07D2-2442-4B57-A6ED-72FA67272286}.Release|Any CPU.Build.0 = Release|Any CPU
	EndGlobalSection
	GlobalSection(SolutionProperties) = preSolution
		HideSolutionNode = FALSE
	EndGlobalSection
	GlobalSection(ExtensibilityGlobals) = postSolution
		SolutionGuid = {DA690A03-7369-4CCF-9981-C92EDDC6F217}
	EndGlobalSection
EndGlobal
